{
  "nodes": {
    "flake-utils": {
      "inputs": {
        "systems": "systems"
      },
      "locked": {
        "lastModified": 1731533236,
        "narHash": "sha256-l0KFg5HjrsfsO/JpG+r7fRrqm12kzFHyUHqHCVpMMbI=",
        "owner": "numtide",
        "repo": "flake-utils",
        "rev": "11707dc2f618dd54ca8739b309ec4fc024de578b",
        "type": "github"
      },
      "original": {
        "owner": "numtide",
        "repo": "flake-utils",
        "type": "github"
      }
    },
    "nixpkgs-3_10_8": {
      "locked": {
        "lastModified": 1671056470,
        "narHash": "sha256-rrcDHjRX9R8qXvkcGvKunsw3mf7zyPJzx1y8TPqjWdM=",
        "owner": "nixos",
        "repo": "nixpkgs",
        "rev": "79b3d4bcae8c7007c9fd51c279a8a67acfa73a2a",
        "type": "github"
      },
      "original": {
        "owner": "nixos",
        "repo": "nixpkgs",
        "rev": "79b3d4bcae8c7007c9fd51c279a8a67acfa73a2a",
        "type": "github"
      }
    },
    "nixpkgs-3_12_8": {
      "locked": {
        "lastModified": 1737545071,
        "narHash": "sha256-j4HeaLw1LZxkCvuOxdO1xTnPYLSOQuzOjGEuCK80X2w=",
        "owner": "nixos",
        "repo": "nixpkgs",
        "rev": "21808d22b1cda1898b71cf1a1beb524a97add2c4",
        "type": "github"
      },
      "original": {
        "owner": "nixos",
        "repo": "nixpkgs",
        "rev": "21808d22b1cda1898b71cf1a1beb524a97add2c4",
        "type": "github"
      }
    },
    "root": {
      "inputs": {
        "flake-utils": "flake-utils",
        "nixpkgs-3_10_8": "nixpkgs-3_10_8",
        "nixpkgs-3_12_8": "nixpkgs-3_12_8"
      }
    },
    "systems": {
      "locked": {
        "lastModified": 1681028828,
        "narHash": "sha256-Vy1rq5AaRuLzOxct8nz4T6wlgyUR7zLU309k9mBC768=",
        "owner": "nix-systems",
        "repo": "default",
        "rev": "da67096a3b9bf56a91d16901293e51ba5b49a27e",
        "type": "github"
      },
      "original": {
        "owner": "nix-systems",
        "repo": "default",
        "type": "github"
      }
    }
  },
  "root": "root",
  "version": 7
}
